// !$*UTF8*$!
{
	archiveVersion = 1;
	classes = {
	};
	objectVersion = 50;
	objects = {

/* Begin PBXBuildFile section */
		076593EC223872C000B4116B /* AppDelegate.swift in Sources */ = {isa = PBXBuildFile; fileRef = 076593EB223872C000B4116B /* AppDelegate.swift */; };
		076593EE223872C000B4116B /* ViewController.swift in Sources */ = {isa = PBXBuildFile; fileRef = 076593ED223872C000B4116B /* ViewController.swift */; };
		076593F1223872C000B4116B /* Main.storyboard in Resources */ = {isa = PBXBuildFile; fileRef = 076593EF223872C000B4116B /* Main.storyboard */; };
		076593F3223872C100B4116B /* Assets.xcassets in Resources */ = {isa = PBXBuildFile; fileRef = 076593F2223872C100B4116B /* Assets.xcassets */; };
		076593F6223872C100B4116B /* LaunchScreen.storyboard in Resources */ = {isa = PBXBuildFile; fileRef = 076593F4223872C100B4116B /* LaunchScreen.storyboard */; };
		076593FE223872E500B4116B /* Employee.plist in Resources */ = {isa = PBXBuildFile; fileRef = 076593FD223872E500B4116B /* Employee.plist */; };
/* End PBXBuildFile section */

/* Begin PBXFileReference section */
		076593E8223872C000B4116B /* Day9_PlistEmployeeExample.app */ = {isa = PBXFileReference; explicitFileType = wrapper.application; includeInIndex = 0; path = Day9_PlistEmployeeExample.app; sourceTree = BUILT_PRODUCTS_DIR; };
		076593EB223872C000B4116B /* AppDelegate.swift */ = {isa = PBXFileReference; lastKnownFileType = sourcecode.swift; path = AppDelegate.swift; sourceTree = "<group>"; };
		076593ED223872C000B4116B /* ViewController.swift */ = {isa = PBXFileReference; lastKnownFileType = sourcecode.swift; path = ViewController.swift; sourceTree = "<group>"; };
		076593F0223872C000B4116B /* Base */ = {isa = PBXFileReference; lastKnownFileType = file.storyboard; name = Base; path = Base.lproj/Main.storyboard; sourceTree = "<group>"; };
		076593F2223872C100B4116B /* Assets.xcassets */ = {isa = PBXFileReference; lastKnownFileType = folder.assetcatalog; path = Assets.xcassets; sourceTree = "<group>"; };
		076593F5223872C100B4116B /* Base */ = {isa = PBXFileReference; lastKnownFileType = file.storyboard; name = Base; path = Base.lproj/LaunchScreen.storyboard; sourceTree = "<group>"; };
		076593F7223872C100B4116B /* Info.plist */ = {isa = PBXFileReference; lastKnownFileType = text.plist.xml; path = Info.plist; sourceTree = "<group>"; };
		076593FD223872E500B4116B /* Employee.plist */ = {isa = PBXFileReference; lastKnownFileType = text.plist.xml; path = Employee.plist; sourceTree = "<group>"; };
/* End PBXFileReference section */

/* Begin PBXFrameworksBuildPhase section */
		076593E5223872C000B4116B /* Frameworks */ = {
			isa = PBXFrameworksBuildPhase;
			buildActionMask = 2147483647;
			files = (
			);
			runOnlyForDeploymentPostprocessing = 0;
		};
/* End PBXFrameworksBuildPhase section */

/* Begin PBXGroup section */
		076593DF223872C000B4116B = {
			isa = PBXGroup;
			children = (
				076593EA223872C000B4116B /* Day9_PlistEmployeeExample */,
				076593E9223872C000B4116B /* Products */,
			);
			sourceTree = "<group>";
		};
		076593E9223872C000B4116B /* Products */ = {
			isa = PBXGroup;
			children = (
				076593E8223872C000B4116B /* Day9_PlistEmployeeExample.app */,
			);
			name = Products;
			sourceTree = "<group>";
		};
		076593EA223872C000B4116B /* Day9_PlistEmployeeExample */ = {
			isa = PBXGroup;
			children = (
				076593EB223872C000B4116B /* AppDelegate.swift */,
				076593ED223872C000B4116B /* ViewController.swift */,
				076593EF223872C000B4116B /* Main.storyboard */,
				076593F2223872C100B4116B /* Assets.xcassets */,
				076593F4223872C100B4116B /* LaunchScreen.storyboard */,
				076593F7223872C100B4116B /* Info.plist */,
				076593FD223872E500B4116B /* Employee.plist */,
			);
			path = Day9_PlistEmployeeExample;
			sourceTree = "<group>";
		};
/* End PBXGroup section */

/* Begin PBXNativeTarget section */
		076593E7223872C000B4116B /* Day9_PlistEmployeeExample */ = {
			isa = PBXNativeTarget;
			buildConfigurationList = 076593FA223872C100B4116B /* Build configuration list for PBXNativeTarget "Day9_PlistEmployeeExample" */;
			buildPhases = (
				076593E4223872C000B4116B /* Sources */,
				076593E5223872C000B4116B /* Frameworks */,
				076593E6223872C000B4116B /* Resources */,
			);
			buildRules = (
			);
			dependencies = (
			);
			name = Day9_PlistEmployeeExample;
			productName = Day9_PlistEmployeeExample;
			productReference = 076593E8223872C000B4116B /* Day9_PlistEmployeeExample.app */;
			productType = "com.apple.product-type.application";
		};
/* End PBXNativeTarget section */

/* Begin PBXProject section */
		076593E0223872C000B4116B /* Project object */ = {
			isa = PBXProject;
			attributes = {
				LastSwiftUpdateCheck = 1010;
				LastUpgradeCheck = 1010;
				ORGANIZATIONNAME = moxDroid;
				TargetAttributes = {
					076593E7223872C000B4116B = {
						CreatedOnToolsVersion = 10.1;
					};
				};
			};
			buildConfigurationList = 076593E3223872C000B4116B /* Build configuration list for PBXProject "Day9_PlistEmployeeExample" */;
			compatibilityVersion = "Xcode 9.3";
			developmentRegion = en;
			hasScannedForEncodings = 0;
			knownRegions = (
				en,
				Base,
			);
			mainGroup = 076593DF223872C000B4116B;
			productRefGroup = 076593E9223872C000B4116B /* Products */;
			projectDirPath = "";
			projectRoot = "";
			targets = (
				076593E7223872C000B4116B /* Day9_PlistEmployeeExample */,
			);
		};
/* End PBXProject section */

/* Begin PBXResourcesBuildPhase section */
		076593E6223872C000B4116B /* Resources */ = {
			isa = PBXResourcesBuildPhase;
			buildActionMask = 2147483647;
			files = (
				076593FE223872E500B4116B /* Employee.plist in Resources */,
				076593F6223872C100B4116B /* LaunchScreen.storyboard in Resources */,
				076593F3223872C100B4116B /* Assets.xcassets in Resources */,
				076593F1223872C000B4116B /* Main.storyboard in Resources */,
			);
			runOnlyForDeploymentPostprocessing = 0;
		};
/* End PBXResourcesBuildPhase section */

/* Begin PBXSourcesBuildPhase section */
		076593E4223872C000B4116B /* Sources */ = {
			isa = PBXSourcesBuildPhase;
			buildActionMask = 2147483647;
			files = (
				076593EE223872C000B4116B /* ViewController.swift in Sources */,
				076593EC223872C000B4116B /* AppDelegate.swift in Sources */,
			);
			runOnlyForDeploymentPostprocessing = 0;
		};
/* End PBXSourcesBuildPhase section */

/* Begin PBXVariantGroup section */
		076593EF223872C000B4116B /* Main.storyboard */ = {
			isa = PBXVariantGroup;
			children = (
				076593F0223872C000B4116B /* Base */,
			);
			name = Main.storyboard;
			sourceTree = "<group>";
		};
		076593F4223872C100B4116B /* LaunchScreen.storyboard */ = {
			isa = PBXVariantGroup;
			children = (
				076593F5223872C100B4116B /* Base */,
			);
			name = LaunchScreen.storyboard;
			sourceTree = "<group>";
		};
/* End PBXVariantGroup section */

/* Begin XCBuildConfiguration section */
		076593F8223872C100B4116B /* Debug */ = {
			isa = XCBuildConfiguration;
			buildSettings = {
				ALWAYS_SEARCH_USER_PATHS = NO;
				CLANG_ANALYZER_NONNULL = YES;
				CLANG_ANALYZER_NUMBER_OBJECT_CONVERSION = YES_AGGRESSIVE;
				CLANG_CXX_LANGUAGE_STANDARD = "gnu++14";
				CLANG_CXX_LIBRARY = "libc++";
				CLANG_ENABLE_MODULES = YES;
				CLANG_ENABLE_OBJC_ARC = YES;
				CLANG_ENABLE_OBJC_WEAK = YES;
				CLANG_WARN_BLOCK_CAPTURE_AUTORELEASING = YES;
				CLANG_WARN_BOOL_CONVERSION = YES;
				CLANG_WARN_COMMA = YES;
				CLANG_WARN_CONSTANT_CONVERSION = YES;
				CLANG_WARN_DEPRECATED_OBJC_IMPLEMENTATIONS = YES;
				CLANG_WARN_DIRECT_OBJC_ISA_USAGE = YES_ERROR;
				CLANG_WARN_DOCUMENTATION_COMMENTS = YES;
				CLANG_WARN_EMPTY_BODY = YES;
				CLANG_WARN_ENUM_CONVERSION = YES;
				CLANG_WARN_INFINITE_RECURSION = YES;
				CLANG_WARN_INT_CONVERSION = YES;
				CLANG_WARN_NON_LITERAL_NULL_CONVERSION = YES;
				CLANG_WARN_OBJC_IMPLICIT_RETAIN_SELF = YES;
				CLANG_WARN_OBJC_LITERAL_CONVERSION = YES;
				CLANG_WARN_OBJC_ROOT_CLASS = YES_ERROR;
				CLANG_WARN_RANGE_LOOP_ANALYSIS = YES;
				CLANG_WARN_STRICT_PROTOTYPES = YES;
				CLANG_WARN_SUSPICIOUS_MOVE = YES;
				CLANG_WARN_UNGUARDED_AVAILABILITY = YES_AGGRESSIVE;
				CLANG_WARN_UNREACHABLE_CODE = YES;
				CLANG_WARN__DUPLICATE_METHOD_MATCH = YES;
				CODE_SIGN_IDENTITY = "iPhone Developer";
				COPY_PHASE_STRIP = NO;
				DEBUG_INFORMATION_FORMAT = dwarf;
				ENABLE_STRICT_OBJC_MSGSEND = YES;
				ENABLE_TESTABILITY = YES;
				GCC_C_LANGUAGE_STANDARD = gnu11;
				GCC_DYNAMIC_NO_PIC = NO;
				GCC_NO_COMMON_BLOCKS = YES;
				GCC_OPTIMIZATION_LEVEL = 0;
				GCC_PREPROCESSOR_DEFINITIONS = (
					"DEBUG=1",
					"$(inherited)",
				);
				GCC_WARN_64_TO_32_BIT_CONVERSION = YES;
				GCC_WARN_ABOUT_RETURN_TYPE = YES_ERROR;
				GCC_WARN_UNDECLARED_SELECTOR = YES;
				GCC_WARN_UNINITIALIZED_AUTOS = YES_AGGRESSIVE;
				GCC_WARN_UNUSED_FUNCTION = YES;
				GCC_WARN_UNUSED_VARIABLE = YES;
				IPHONEOS_DEPLOYMENT_TARGET = 12.1;
				MTL_ENABLE_DEBUG_INFO = INCLUDE_SOURCE;
				MTL_FAST_MATH = YES;
				ONLY_ACTIVE_ARCH = YES;
				SDKROOT = iphoneos;
				SWIFT_ACTIVE_COMPILATION_CONDITIONS = DEBUG;
				SWIFT_OPTIMIZATION_LEVEL = "-Onone";
			};
			name = Debug;
		};
		076593F9223872C100B4116B /* Release */ = {
			isa = XCBuildConfiguration;
			buildSettings = {
				ALWAYS_SEARCH_USER_PATHS = NO;
				CLANG_ANALYZER_NONNULL = YES;
				CLANG_ANALYZER_NUMBER_OBJECT_CONVERSION = YES_AGGRESSIVE;
				CLANG_CXX_LANGUAGE_STANDARD = "gnu++14";
				CLANG_CXX_LIBRARY = "libc++";
				CLANG_ENABLE_MODULES = YES;
				CLANG_ENABLE_OBJC_ARC = YES;
				CLANG_ENABLE_OBJC_WEAK = YES;
				CLANG_WARN_BLOCK_CAPTURE_AUTORELEASING = YES;
				CLANG_WARN_BOOL_CONVERSION = YES;
				CLANG_WARN_COMMA = YES;
				CLANG_WARN_CONSTANT_CONVERSION = YES;
				CLANG_WARN_DEPRECATED_OBJC_IMPLEMENTATIONS = YES;
				CLANG_WARN_DIRECT_OBJC_ISA_USAGE = YES_ERROR;
				CLANG_WARN_DOCUMENTATION_COMMENTS = YES;
				CLANG_WARN_EMPTY_BODY = YES;
				CLANG_WARN_ENUM_CONVERSION = YES;
				CLANG_WARN_INFINITE_RECURSION = YES;
				CLANG_WARN_INT_CONVERSION = YES;
				CLANG_WARN_NON_LITERAL_NULL_CONVERSION = YES;
				CLANG_WARN_OBJC_IMPLICIT_RETAIN_SELF = YES;
				CLANG_WARN_OBJC_LITERAL_CONVERSION = YES;
				CLANG_WARN_OBJC_ROOT_CLASS = YES_ERROR;
				CLANG_WARN_RANGE_LOOP_ANALYSIS = YES;
				CLANG_WARN_STRICT_PROTOTYPES = YES;
				CLANG_WARN_SUSPICIOUS_MOVE = YES;
				CLANG_WARN_UNGUARDED_AVAILABILITY = YES_AGGRESSIVE;
				CLANG_WARN_UNREACHABLE_CODE = YES;
				CLANG_WARN__DUPLICATE_METHOD_MATCH = YES;
				CODE_SIGN_IDENTITY = "iPhone Developer";
				COPY_PHASE_STRIP = NO;
				DEBUG_INFORMATION_FORMAT = "dwarf-with-dsym";
				ENABLE_NS_ASSERTIONS = NO;
				ENABLE_STRICT_OBJC_MSGSEND = YES;
				GCC_C_LANGUAGE_STANDARD = gnu11;
				GCC_NO_COMMON_BLOCKS = YES;
				GCC_WARN_64_TO_32_BIT_CONVERSION = YES;
				GCC_WARN_ABOUT_RETURN_TYPE = YES_ERROR;
				GCC_WARN_UNDECLARED_SELECTOR = YES;
				GCC_WARN_UNINITIALIZED_AUTOS = YES_AGGRESSIVE;
				GCC_WARN_UNUSED_FUNCTION = YES;
				GCC_WARN_UNUSED_VARIABLE = YES;
				IPHONEOS_DEPLOYMENT_TARGET = 12.1;
				MTL_ENABLE_DEBUG_INFO = NO;
				MTL_FAST_MATH = YES;
				SDKROOT = iphoneos;
				SWIFT_COMPILATION_MODE = wholemodule;
				SWIFT_OPTIMIZATION_LEVEL = "-O";
				VALIDATE_PRODUCT = YES;
			};
			name = Release;
		};
		076593FB223872C100B4116B /* Debug */ = {
			isa = XCBuildConfiguration;
			buildSettings = {
				ASSETCATALOG_COMPILER_APPICON_NAME = AppIcon;
				CODE_SIGN_STYLE = Automatic;
				DEVELOPMENT_TEAM = 7B7KJQCFCP;
				INFOPLIST_FILE = Day9_PlistEmployeeExample/Info.plist;
				LD_RUNPATH_SEARCH_PATHS = (
					"$(inherited)",
					"@executable_path/Frameworks",
				);
				PRODUCT_BUNDLE_IDENTIFIER = "com.moxdroid.Day9-PlistEmployeeExample";
				PRODUCT_NAME = "$(TARGET_NAME)";
				SWIFT_VERSION = 4.2;
				TARGETED_DEVICE_FAMILY = "1,2";
			};
			name = Debug;
		};
		076593FC223872C100B4116B /* Release */ = {
			isa = XCBuildConfiguration;
			buildSettings = {
				ASSETCATALOG_COMPILER_APPICON_NAME = AppIcon;
				CODE_SIGN_STYLE = Automatic;
				DEVELOPMENT_TEAM = 7B7KJQCFCP;
				INFOPLIST_FILE = Day9_PlistEmployeeExample/Info.plist;
				LD_RUNPATH_SEARCH_PATHS = (
					"$(inherited)",
					"@executable_path/Frameworks",
				);
				PRODUCT_BUNDLE_IDENTIFIER = "com.moxdroid.Day9-PlistEmployeeExample";
				PRODUCT_NAME = "$(TARGET_NAME)";
				SWIFT_VERSION = 4.2;
				TARGETED_DEVICE_FAMILY = "1,2";
			};
			name = Release;
		};
/* End XCBuildConfiguration section */

/* Begin XCConfigurationList section */
		076593E3223872C000B4116B /* Build configuration list for PBXProject "Day9_PlistEmployeeExample" */ = {
			isa = XCConfigurationList;
			buildConfigurations = (
				076593F8223872C100B4116B /* Debug */,
				076593F9223872C100B4116B /* Release */,
			);
			defaultConfigurationIsVisible = 0;
			defaultConfigurationName = Release;
		};
		076593FA223872C100B4116B /* Build configuration list for PBXNativeTarget "Day9_PlistEmployeeExample" */ = {
			isa = XCConfigurationList;
			buildConfigurations = (
				076593FB223872C100B4116B /* Debug */,
				076593FC223872C100B4116B /* Release */,
			);
			defaultConfigurationIsVisible = 0;
			defaultConfigurationName = Release;
		};
/* End XCConfigurationList section */
	};
	rootObject = 076593E0223872C000B4116B /* Project object */;
}
